// !$*UTF8*$!
{
	archiveVersion = 1;
	classes = {
	};
	objectVersion = 48;
	objects = {

/* Begin PBXBuildFile section */
		3D4DE33721A4D02200C5578D /* AppDelegate.swift in Sources */ = {isa = PBXBuildFile; fileRef = 3D4DE33621A4D02200C5578D /* AppDelegate.swift */; };
		3D4DE33921A4D02200C5578D /* ViewController.swift in Sources */ = {isa = PBXBuildFile; fileRef = 3D4DE33821A4D02200C5578D /* ViewController.swift */; };
		3D4DE33C21A4D02200C5578D /* Main.storyboard in Resources */ = {isa = PBXBuildFile; fileRef = 3D4DE33A21A4D02200C5578D /* Main.storyboard */; };
		3D4DE33E21A4D02200C5578D /* Assets.xcassets in Resources */ = {isa = PBXBuildFile; fileRef = 3D4DE33D21A4D02200C5578D /* Assets.xcassets */; };
		3D4DE34121A4D02200C5578D /* LaunchScreen.storyboard in Resources */ = {isa = PBXBuildFile; fileRef = 3D4DE33F21A4D02200C5578D /* LaunchScreen.storyboard */; };
		3D4DE34C21A4D02300C5578D /* dyzbTests.swift in Sources */ = {isa = PBXBuildFile; fileRef = 3D4DE34B21A4D02300C5578D /* dyzbTests.swift */; };
		3D4DE35721A4D02300C5578D /* dyzbUITests.swift in Sources */ = {isa = PBXBuildFile; fileRef = 3D4DE35621A4D02300C5578D /* dyzbUITests.swift */; };
/* End PBXBuildFile section */

/* Begin PBXContainerItemProxy section */
		3D4DE34821A4D02300C5578D /* PBXContainerItemProxy */ = {
			isa = PBXContainerItemProxy;
			containerPortal = 3D4DE32B21A4D02100C5578D /* Project object */;
			proxyType = 1;
			remoteGlobalIDString = 3D4DE33221A4D02200C5578D;
			remoteInfo = dyzb;
		};
		3D4DE35321A4D02300C5578D /* PBXContainerItemProxy */ = {
			isa = PBXContainerItemProxy;
			containerPortal = 3D4DE32B21A4D02100C5578D /* Project object */;
			proxyType = 1;
			remoteGlobalIDString = 3D4DE33221A4D02200C5578D;
			remoteInfo = dyzb;
		};
/* End PBXContainerItemProxy section */

/* Begin PBXFileReference section */
		3D4DE33321A4D02200C5578D /* dyzb.app */ = {isa = PBXFileReference; explicitFileType = wrapper.application; includeInIndex = 0; path = dyzb.app; sourceTree = BUILT_PRODUCTS_DIR; };
		3D4DE33621A4D02200C5578D /* AppDelegate.swift */ = {isa = PBXFileReference; lastKnownFileType = sourcecode.swift; path = AppDelegate.swift; sourceTree = "<group>"; };
		3D4DE33821A4D02200C5578D /* ViewController.swift */ = {isa = PBXFileReference; lastKnownFileType = sourcecode.swift; path = ViewController.swift; sourceTree = "<group>"; };
		3D4DE33B21A4D02200C5578D /* Base */ = {isa = PBXFileReference; lastKnownFileType = file.storyboard; name = Base; path = Base.lproj/Main.storyboard; sourceTree = "<group>"; };
		3D4DE33D21A4D02200C5578D /* Assets.xcassets */ = {isa = PBXFileReference; lastKnownFileType = folder.assetcatalog; path = Assets.xcassets; sourceTree = "<group>"; };
		3D4DE34021A4D02200C5578D /* Base */ = {isa = PBXFileReference; lastKnownFileType = file.storyboard; name = Base; path = Base.lproj/LaunchScreen.storyboard; sourceTree = "<group>"; };
		3D4DE34221A4D02200C5578D /* Info.plist */ = {isa = PBXFileReference; lastKnownFileType = text.plist.xml; path = Info.plist; sourceTree = "<group>"; };
		3D4DE34721A4D02300C5578D /* dyzbTests.xctest */ = {isa = PBXFileReference; explicitFileType = wrapper.cfbundle; includeInIndex = 0; path = dyzbTests.xctest; sourceTree = BUILT_PRODUCTS_DIR; };
		3D4DE34B21A4D02300C5578D /* dyzbTests.swift */ = {isa = PBXFileReference; lastKnownFileType = sourcecode.swift; path = dyzbTests.swift; sourceTree = "<group>"; };
		3D4DE34D21A4D02300C5578D /* Info.plist */ = {isa = PBXFileReference; lastKnownFileType = text.plist.xml; path = Info.plist; sourceTree = "<group>"; };
		3D4DE35221A4D02300C5578D /* dyzbUITests.xctest */ = {isa = PBXFileReference; explicitFileType = wrapper.cfbundle; includeInIndex = 0; path = dyzbUITests.xctest; sourceTree = BUILT_PRODUCTS_DIR; };
		3D4DE35621A4D02300C5578D /* dyzbUITests.swift */ = {isa = PBXFileReference; lastKnownFileType = sourcecode.swift; path = dyzbUITests.swift; sourceTree = "<group>"; };
		3D4DE35821A4D02300C5578D /* Info.plist */ = {isa = PBXFileReference; lastKnownFileType = text.plist.xml; path = Info.plist; sourceTree = "<group>"; };
/* End PBXFileReference section */

/* Begin PBXFrameworksBuildPhase section */
		3D4DE33021A4D02200C5578D /* Frameworks */ = {
			isa = PBXFrameworksBuildPhase;
			buildActionMask = 2147483647;
			files = (
			);
			runOnlyForDeploymentPostprocessing = 0;
		};
		3D4DE34421A4D02300C5578D /* Frameworks */ = {
			isa = PBXFrameworksBuildPhase;
			buildActionMask = 2147483647;
			files = (
			);
			runOnlyForDeploymentPostprocessing = 0;
		};
		3D4DE34F21A4D02300C5578D /* Frameworks */ = {
			isa = PBXFrameworksBuildPhase;
			buildActionMask = 2147483647;
			files = (
			);
			runOnlyForDeploymentPostprocessing = 0;
		};
/* End PBXFrameworksBuildPhase section */

/* Begin PBXGroup section */
		3D4DE32A21A4D02100C5578D = {
			isa = PBXGroup;
			children = (
				3D4DE33521A4D02200C5578D /* dyzb */,
				3D4DE34A21A4D02300C5578D /* dyzbTests */,
				3D4DE35521A4D02300C5578D /* dyzbUITests */,
				3D4DE33421A4D02200C5578D /* Products */,
			);
			sourceTree = "<group>";
		};
		3D4DE33421A4D02200C5578D /* Products */ = {
			isa = PBXGroup;
			children = (
				3D4DE33321A4D02200C5578D /* dyzb.app */,
				3D4DE34721A4D02300C5578D /* dyzbTests.xctest */,
				3D4DE35221A4D02300C5578D /* dyzbUITests.xctest */,
			);
			name = Products;
			sourceTree = "<group>";
		};
		3D4DE33521A4D02200C5578D /* dyzb */ = {
			isa = PBXGroup;
			children = (
				3D4DE33621A4D02200C5578D /* AppDelegate.swift */,
				3D4DE33821A4D02200C5578D /* ViewController.swift */,
				3D4DE33A21A4D02200C5578D /* Main.storyboard */,
				3D4DE33D21A4D02200C5578D /* Assets.xcassets */,
				3D4DE33F21A4D02200C5578D /* LaunchScreen.storyboard */,
				3D4DE34221A4D02200C5578D /* Info.plist */,
			);
			path = dyzb;
			sourceTree = "<group>";
		};
		3D4DE34A21A4D02300C5578D /* dyzbTests */ = {
			isa = PBXGroup;
			children = (
				3D4DE34B21A4D02300C5578D /* dyzbTests.swift */,
				3D4DE34D21A4D02300C5578D /* Info.plist */,
			);
			path = dyzbTests;
			sourceTree = "<group>";
		};
		3D4DE35521A4D02300C5578D /* dyzbUITests */ = {
			isa = PBXGroup;
			children = (
				3D4DE35621A4D02300C5578D /* dyzbUITests.swift */,
				3D4DE35821A4D02300C5578D /* Info.plist */,
			);
			path = dyzbUITests;
			sourceTree = "<group>";
		};
/* End PBXGroup section */

/* Begin PBXNativeTarget section */
		3D4DE33221A4D02200C5578D /* dyzb */ = {
			isa = PBXNativeTarget;
			buildConfigurationList = 3D4DE35B21A4D02300C5578D /* Build configuration list for PBXNativeTarget "dyzb" */;
			buildPhases = (
				3D4DE32F21A4D02200C5578D /* Sources */,
				3D4DE33021A4D02200C5578D /* Frameworks */,
				3D4DE33121A4D02200C5578D /* Resources */,
			);
			buildRules = (
			);
			dependencies = (
			);
			name = dyzb;
			productName = dyzb;
			productReference = 3D4DE33321A4D02200C5578D /* dyzb.app */;
			productType = "com.apple.product-type.application";
		};
		3D4DE34621A4D02300C5578D /* dyzbTests */ = {
			isa = PBXNativeTarget;
			buildConfigurationList = 3D4DE35E21A4D02300C5578D /* Build configuration list for PBXNativeTarget "dyzbTests" */;
			buildPhases = (
				3D4DE34321A4D02300C5578D /* Sources */,
				3D4DE34421A4D02300C5578D /* Frameworks */,
				3D4DE34521A4D02300C5578D /* Resources */,
			);
			buildRules = (
			);
			dependencies = (
				3D4DE34921A4D02300C5578D /* PBXTargetDependency */,
			);
			name = dyzbTests;
			productName = dyzbTests;
			productReference = 3D4DE34721A4D02300C5578D /* dyzbTests.xctest */;
			productType = "com.apple.product-type.bundle.unit-test";
		};
		3D4DE35121A4D02300C5578D /* dyzbUITests */ = {
			isa = PBXNativeTarget;
			buildConfigurationList = 3D4DE36121A4D02300C5578D /* Build configuration list for PBXNativeTarget "dyzbUITests" */;
			buildPhases = (
				3D4DE34E21A4D02300C5578D /* Sources */,
				3D4DE34F21A4D02300C5578D /* Frameworks */,
				3D4DE35021A4D02300C5578D /* Resources */,
			);
			buildRules = (
			);
			dependencies = (
				3D4DE35421A4D02300C5578D /* PBXTargetDependency */,
			);
			name = dyzbUITests;
			productName = dyzbUITests;
			productReference = 3D4DE35221A4D02300C5578D /* dyzbUITests.xctest */;
			productType = "com.apple.product-type.bundle.ui-testing";
		};
/* End PBXNativeTarget section */

/* Begin PBXProject section */
		3D4DE32B21A4D02100C5578D /* Project object */ = {
			isa = PBXProject;
			attributes = {
				LastSwiftUpdateCheck = 0910;
				LastUpgradeCheck = 0910;
				ORGANIZATIONNAME = "xiaoxing lin";
				TargetAttributes = {
					3D4DE33221A4D02200C5578D = {
						CreatedOnToolsVersion = 9.1;
						ProvisioningStyle = Automatic;
					};
					3D4DE34621A4D02300C5578D = {
						CreatedOnToolsVersion = 9.1;
						ProvisioningStyle = Automatic;
						TestTargetID = 3D4DE33221A4D02200C5578D;
					};
					3D4DE35121A4D02300C5578D = {
						CreatedOnToolsVersion = 9.1;
						ProvisioningStyle = Automatic;
						TestTargetID = 3D4DE33221A4D02200C5578D;
					};
				};
			};
			buildConfigurationList = 3D4DE32E21A4D02100C5578D /* Build configuration list for PBXProject "dyzb" */;
			compatibilityVersion = "Xcode 8.0";
			developmentRegion = en;
			hasScannedForEncodings = 0;
			knownRegions = (
				en,
				Base,
			);
			mainGroup = 3D4DE32A21A4D02100C5578D;
			productRefGroup = 3D4DE33421A4D02200C5578D /* Products */;
			projectDirPath = "";
			projectRoot = "";
			targets = (
				3D4DE33221A4D02200C5578D /* dyzb */,
				3D4DE34621A4D02300C5578D /* dyzbTests */,
				3D4DE35121A4D02300C5578D /* dyzbUITests */,
			);
		};
/* End PBXProject section */

/* Begin PBXResourcesBuildPhase section */
		3D4DE33121A4D02200C5578D /* Resources */ = {
			isa = PBXResourcesBuildPhase;
			buildActionMask = 2147483647;
			files = (
				3D4DE34121A4D02200C5578D /* LaunchScreen.storyboard in Resources */,
				3D4DE33E21A4D02200C5578D /* Assets.xcassets in Resources */,
				3D4DE33C21A4D02200C5578D /* Main.storyboard in Resources */,
			);
			runOnlyForDeploymentPostprocessing = 0;
		};
		3D4DE34521A4D02300C5578D /* Resources */ = {
			isa = PBXResourcesBuildPhase;
			buildActionMask = 2147483647;
			files = (
			);
			runOnlyForDeploymentPostprocessing = 0;
		};
		3D4DE35021A4D02300C5578D /* Resources */ = {
			isa = PBXResourcesBuildPhase;
			buildActionMask = 2147483647;
			files = (
			);
			runOnlyForDeploymentPostprocessing = 0;
		};
/* End PBXResourcesBuildPhase section */

/* Begin PBXSourcesBuildPhase section */
		3D4DE32F21A4D02200C5578D /* Sources */ = {
			isa = PBXSourcesBuildPhase;
			buildActionMask = 2147483647;
			files = (
				3D4DE33921A4D02200C5578D /* ViewController.swift in Sources */,
				3D4DE33721A4D02200C5578D /* AppDelegate.swift in Sources */,
			);
			runOnlyForDeploymentPostprocessing = 0;
		};
		3D4DE34321A4D02300C5578D /* Sources */ = {
			isa = PBXSourcesBuildPhase;
			buildActionMask = 2147483647;
			files = (
				3D4DE34C21A4D02300C5578D /* dyzbTests.swift in Sources */,
			);
			runOnlyForDeploymentPostprocessing = 0;
		};
		3D4DE34E21A4D02300C5578D /* Sources */ = {
			isa = PBXSourcesBuildPhase;
			buildActionMask = 2147483647;
			files = (
				3D4DE35721A4D02300C5578D /* dyzbUITests.swift in Sources */,
			);
			runOnlyForDeploymentPostprocessing = 0;
		};
/* End PBXSourcesBuildPhase section */

/* Begin PBXTargetDependency section */
		3D4DE34921A4D02300C5578D /* PBXTargetDependency */ = {
			isa = PBXTargetDependency;
			target = 3D4DE33221A4D02200C5578D /* dyzb */;
			targetProxy = 3D4DE34821A4D02300C5578D /* PBXContainerItemProxy */;
		};
		3D4DE35421A4D02300C5578D /* PBXTargetDependency */ = {
			isa = PBXTargetDependency;
			target = 3D4DE33221A4D02200C5578D /* dyzb */;
			targetProxy = 3D4DE35321A4D02300C5578D /* PBXContainerItemProxy */;
		};
/* End PBXTargetDependency section */

/* Begin PBXVariantGroup section */
		3D4DE33A21A4D02200C5578D /* Main.storyboard */ = {
			isa = PBXVariantGroup;
			children = (
				3D4DE33B21A4D02200C5578D /* Base */,
			);
			name = Main.storyboard;
			sourceTree = "<group>";
		};
		3D4DE33F21A4D02200C5578D /* LaunchScreen.storyboard */ = {
			isa = PBXVariantGroup;
			children = (
				3D4DE34021A4D02200C5578D /* Base */,
			);
			name = LaunchScreen.storyboard;
			sourceTree = "<group>";
		};
/* End PBXVariantGroup section */

/* Begin XCBuildConfiguration section */
		3D4DE35921A4D02300C5578D /* Debug */ = {
			isa = XCBuildConfiguration;
			buildSettings = {
				ALWAYS_SEARCH_USER_PATHS = NO;
				CLANG_ANALYZER_NONNULL = YES;
				CLANG_ANALYZER_NUMBER_OBJECT_CONVERSION = YES_AGGRESSIVE;
				CLANG_CXX_LANGUAGE_STANDARD = "gnu++14";
				CLANG_CXX_LIBRARY = "libc++";
				CLANG_ENABLE_MODULES = YES;
				CLANG_ENABLE_OBJC_ARC = YES;
				CLANG_WARN_BLOCK_CAPTURE_AUTORELEASING = YES;
				CLANG_WARN_BOOL_CONVERSION = YES;
				CLANG_WARN_COMMA = YES;
				CLANG_WARN_CONSTANT_CONVERSION = YES;
				CLANG_WARN_DIRECT_OBJC_ISA_USAGE = YES_ERROR;
				CLANG_WARN_DOCUMENTATION_COMMENTS = YES;
				CLANG_WARN_EMPTY_BODY = YES;
				CLANG_WARN_ENUM_CONVERSION = YES;
				CLANG_WARN_INFINITE_RECURSION = YES;
				CLANG_WARN_INT_CONVERSION = YES;
				CLANG_WARN_NON_LITERAL_NULL_CONVERSION = YES;
				CLANG_WARN_OBJC_LITERAL_CONVERSION = YES;
				CLANG_WARN_OBJC_ROOT_CLASS = YES_ERROR;
				CLANG_WARN_RANGE_LOOP_ANALYSIS = YES;
				CLANG_WARN_STRICT_PROTOTYPES = YES;
				CLANG_WARN_SUSPICIOUS_MOVE = YES;
				CLANG_WARN_UNGUARDED_AVAILABILITY = YES_AGGRESSIVE;
				CLANG_WARN_UNREACHABLE_CODE = YES;
				CLANG_WARN__DUPLICATE_METHOD_MATCH = YES;
				CODE_SIGN_IDENTITY = "iPhone Developer";
				COPY_PHASE_STRIP = NO;
				DEBUG_INFORMATION_FORMAT = dwarf;
				ENABLE_STRICT_OBJC_MSGSEND = YES;
				ENABLE_TESTABILITY = YES;
				GCC_C_LANGUAGE_STANDARD = gnu11;
				GCC_DYNAMIC_NO_PIC = NO;
				GCC_NO_COMMON_BLOCKS = YES;
				GCC_OPTIMIZATION_LEVEL = 0;
				GCC_PREPROCESSOR_DEFINITIONS = (
					"DEBUG=1",
					"$(inherited)",
				);
				GCC_WARN_64_TO_32_BIT_CONVERSION = YES;
				GCC_WARN_ABOUT_RETURN_TYPE = YES_ERROR;
				GCC_WARN_UNDECLARED_SELECTOR = YES;
				GCC_WARN_UNINITIALIZED_AUTOS = YES_AGGRESSIVE;
				GCC_WARN_UNUSED_FUNCTION = YES;
				GCC_WARN_UNUSED_VARIABLE = YES;
				IPHONEOS_DEPLOYMENT_TARGET = 11.1;
				MTL_ENABLE_DEBUG_INFO = YES;
				ONLY_ACTIVE_ARCH = YES;
				SDKROOT = iphoneos;
				SWIFT_ACTIVE_COMPILATION_CONDITIONS = DEBUG;
				SWIFT_OPTIMIZATION_LEVEL = "-Onone";
			};
			name = Debug;
		};
		3D4DE35A21A4D02300C5578D /* Release */ = {
			isa = XCBuildConfiguration;
			buildSettings = {
				ALWAYS_SEARCH_USER_PATHS = NO;
				CLANG_ANALYZER_NONNULL = YES;
				CLANG_ANALYZER_NUMBER_OBJECT_CONVERSION = YES_AGGRESSIVE;
				CLANG_CXX_LANGUAGE_STANDARD = "gnu++14";
				CLANG_CXX_LIBRARY = "libc++";
				CLANG_ENABLE_MODULES = YES;
				CLANG_ENABLE_OBJC_ARC = YES;
				CLANG_WARN_BLOCK_CAPTURE_AUTORELEASING = YES;
				CLANG_WARN_BOOL_CONVERSION = YES;
				CLANG_WARN_COMMA = YES;
				CLANG_WARN_CONSTANT_CONVERSION = YES;
				CLANG_WARN_DIRECT_OBJC_ISA_USAGE = YES_ERROR;
				CLANG_WARN_DOCUMENTATION_COMMENTS = YES;
				CLANG_WARN_EMPTY_BODY = YES;
				CLANG_WARN_ENUM_CONVERSION = YES;
				CLANG_WARN_INFINITE_RECURSION = YES;
				CLANG_WARN_INT_CONVERSION = YES;
				CLANG_WARN_NON_LITERAL_NULL_CONVERSION = YES;
				CLANG_WARN_OBJC_LITERAL_CONVERSION = YES;
				CLANG_WARN_OBJC_ROOT_CLASS = YES_ERROR;
				CLANG_WARN_RANGE_LOOP_ANALYSIS = YES;
				CLANG_WARN_STRICT_PROTOTYPES = YES;
				CLANG_WARN_SUSPICIOUS_MOVE = YES;
				CLANG_WARN_UNGUARDED_AVAILABILITY = YES_AGGRESSIVE;
				CLANG_WARN_UNREACHABLE_CODE = YES;
				CLANG_WARN__DUPLICATE_METHOD_MATCH = YES;
				CODE_SIGN_IDENTITY = "iPhone Developer";
				COPY_PHASE_STRIP = NO;
				DEBUG_INFORMATION_FORMAT = "dwarf-with-dsym";
				ENABLE_NS_ASSERTIONS = NO;
				ENABLE_STRICT_OBJC_MSGSEND = YES;
				GCC_C_LANGUAGE_STANDARD = gnu11;
				GCC_NO_COMMON_BLOCKS = YES;
				GCC_WARN_64_TO_32_BIT_CONVERSION = YES;
				GCC_WARN_ABOUT_RETURN_TYPE = YES_ERROR;
				GCC_WARN_UNDECLARED_SELECTOR = YES;
				GCC_WARN_UNINITIALIZED_AUTOS = YES_AGGRESSIVE;
				GCC_WARN_UNUSED_FUNCTION = YES;
				GCC_WARN_UNUSED_VARIABLE = YES;
				IPHONEOS_DEPLOYMENT_TARGET = 11.1;
				MTL_ENABLE_DEBUG_INFO = NO;
				SDKROOT = iphoneos;
				SWIFT_OPTIMIZATION_LEVEL = "-Owholemodule";
				VALIDATE_PRODUCT = YES;
			};
			name = Release;
		};
		3D4DE35C21A4D02300C5578D /* Debug */ = {
			isa = XCBuildConfiguration;
			buildSettings = {
				ASSETCATALOG_COMPILER_APPICON_NAME = AppIcon;
				CODE_SIGN_STYLE = Automatic;
				INFOPLIST_FILE = dyzb/Info.plist;
				LD_RUNPATH_SEARCH_PATHS = "$(inherited) @executable_path/Frameworks";
				PRODUCT_BUNDLE_IDENTIFIER = dvd.dyzb;
				PRODUCT_NAME = "$(TARGET_NAME)";
				SWIFT_VERSION = 4.0;
				TARGETED_DEVICE_FAMILY = "1,2";
			};
			name = Debug;
		};
		3D4DE35D21A4D02300C5578D /* Release */ = {
			isa = XCBuildConfiguration;
			buildSettings = {
				ASSETCATALOG_COMPILER_APPICON_NAME = AppIcon;
				CODE_SIGN_STYLE = Automatic;
				INFOPLIST_FILE = dyzb/Info.plist;
				LD_RUNPATH_SEARCH_PATHS = "$(inherited) @executable_path/Frameworks";
				PRODUCT_BUNDLE_IDENTIFIER = dvd.dyzb;
				PRODUCT_NAME = "$(TARGET_NAME)";
				SWIFT_VERSION = 4.0;
				TARGETED_DEVICE_FAMILY = "1,2";
			};
			name = Release;
		};
		3D4DE35F21A4D02300C5578D /* Debug */ = {
			isa = XCBuildConfiguration;
			buildSettings = {
				ALWAYS_EMBED_SWIFT_STANDARD_LIBRARIES = YES;
				BUNDLE_LOADER = "$(TEST_HOST)";
				CODE_SIGN_STYLE = Automatic;
				INFOPLIST_FILE = dyzbTests/Info.plist;
				LD_RUNPATH_SEARCH_PATHS = "$(inherited) @executable_path/Frameworks @loader_path/Frameworks";
				PRODUCT_BUNDLE_IDENTIFIER = dvd.dyzbTests;
				PRODUCT_NAME = "$(TARGET_NAME)";
				SWIFT_VERSION = 4.0;
				TARGETED_DEVICE_FAMILY = "1,2";
				TEST_HOST = "$(BUILT_PRODUCTS_DIR)/dyzb.app/dyzb";
			};
			name = Debug;
		};
		3D4DE36021A4D02300C5578D /* Release */ = {
			isa = XCBuildConfiguration;
			buildSettings = {
				ALWAYS_EMBED_SWIFT_STANDARD_LIBRARIES = YES;
				BUNDLE_LOADER = "$(TEST_HOST)";
				CODE_SIGN_STYLE = Automatic;
				INFOPLIST_FILE = dyzbTests/Info.plist;
				LD_RUNPATH_SEARCH_PATHS = "$(inherited) @executable_path/Frameworks @loader_path/Frameworks";
				PRODUCT_BUNDLE_IDENTIFIER = dvd.dyzbTests;
				PRODUCT_NAME = "$(TARGET_NAME)";
				SWIFT_VERSION = 4.0;
				TARGETED_DEVICE_FAMILY = "1,2";
				TEST_HOST = "$(BUILT_PRODUCTS_DIR)/dyzb.app/dyzb";
			};
			name = Release;
		};
		3D4DE36221A4D02300C5578D /* Debug */ = {
			isa = XCBuildConfiguration;
			buildSettings = {
				ALWAYS_EMBED_SWIFT_STANDARD_LIBRARIES = YES;
				CODE_SIGN_STYLE = Automatic;
				INFOPLIST_FILE = dyzbUITests/Info.plist;
				LD_RUNPATH_SEARCH_PATHS = "$(inherited) @executable_path/Frameworks @loader_path/Frameworks";
				PRODUCT_BUNDLE_IDENTIFIER = dvd.dyzbUITests;
				PRODUCT_NAME = "$(TARGET_NAME)";
				SWIFT_VERSION = 4.0;
				TARGETED_DEVICE_FAMILY = "1,2";
				TEST_TARGET_NAME = dyzb;
			};
			name = Debug;
		};
		3D4DE36321A4D02300C5578D /* Release */ = {
			isa = XCBuildConfiguration;
			buildSettings = {
				ALWAYS_EMBED_SWIFT_STANDARD_LIBRARIES = YES;
				CODE_SIGN_STYLE = Automatic;
				INFOPLIST_FILE = dyzbUITests/Info.plist;
				LD_RUNPATH_SEARCH_PATHS = "$(inherited) @executable_path/Frameworks @loader_path/Frameworks";
				PRODUCT_BUNDLE_IDENTIFIER = dvd.dyzbUITests;
				PRODUCT_NAME = "$(TARGET_NAME)";
				SWIFT_VERSION = 4.0;
				TARGETED_DEVICE_FAMILY = "1,2";
				TEST_TARGET_NAME = dyzb;
			};
			name = Release;
		};
/* End XCBuildConfiguration section */

/* Begin XCConfigurationList section */
		3D4DE32E21A4D02100C5578D /* Build configuration list for PBXProject "dyzb" */ = {
			isa = XCConfigurationList;
			buildConfigurations = (
				3D4DE35921A4D02300C5578D /* Debug */,
				3D4DE35A21A4D02300C5578D /* Release */,
			);
			defaultConfigurationIsVisible = 0;
			defaultConfigurationName = Release;
		};
		3D4DE35B21A4D02300C5578D /* Build configuration list for PBXNativeTarget "dyzb" */ = {
			isa = XCConfigurationList;
			buildConfigurations = (
				3D4DE35C21A4D02300C5578D /* Debug */,
				3D4DE35D21A4D02300C5578D /* Release */,
			);
			defaultConfigurationIsVisible = 0;
			defaultConfigurationName = Release;
		};
		3D4DE35E21A4D02300C5578D /* Build configuration list for PBXNativeTarget "dyzbTests" */ = {
			isa = XCConfigurationList;
			buildConfigurations = (
				3D4DE35F21A4D02300C5578D /* Debug */,
				3D4DE36021A4D02300C5578D /* Release */,
			);
			defaultConfigurationIsVisible = 0;
			defaultConfigurationName = Release;
		};
		3D4DE36121A4D02300C5578D /* Build configuration list for PBXNativeTarget "dyzbUITests" */ = {
			isa = XCConfigurationList;
			buildConfigurations = (
				3D4DE36221A4D02300C5578D /* Debug */,
				3D4DE36321A4D02300C5578D /* Release */,
			);
			defaultConfigurationIsVisible = 0;
			defaultConfigurationName = Release;
		};
/* End XCConfigurationList section */
	};
	rootObject = 3D4DE32B21A4D02100C5578D /* Project object */;
}
